// !$*UTF8*$!
{
	archiveVersion = 1;
	classes = {
	};
	objectVersion = 56;
	objects = {

/* Begin PBXBuildFile section */
		FC23AEAC2BC09B0D0089A77B /* ModelData.swift in Sources */ = {isa = PBXBuildFile; fileRef = FC23AEAB2BC09B0D0089A77B /* ModelData.swift */; };
		FC23AEB12BC2714B0089A77B /* LandmarkRow.swift in Sources */ = {isa = PBXBuildFile; fileRef = FC23AEB02BC2714B0089A77B /* LandmarkRow.swift */; };
		FC23AEB32BC28E670089A77B /* LandmarkList.swift in Sources */ = {isa = PBXBuildFile; fileRef = FC23AEB22BC28E670089A77B /* LandmarkList.swift */; };
		FC7D73C32B9B976A0079139D /* LandmarksApp.swift in Sources */ = {isa = PBXBuildFile; fileRef = FC7D73C22B9B976A0079139D /* LandmarksApp.swift */; };
		FC7D73C52B9B976A0079139D /* ContentView.swift in Sources */ = {isa = PBXBuildFile; fileRef = FC7D73C42B9B976A0079139D /* ContentView.swift */; };
		FC7D73C92B9B976D0079139D /* Assets.xcassets in Resources */ = {isa = PBXBuildFile; fileRef = FC7D73C82B9B976D0079139D /* Assets.xcassets */; };
		FC7D73CC2B9B976D0079139D /* Preview Assets.xcassets in Resources */ = {isa = PBXBuildFile; fileRef = FC7D73CB2B9B976D0079139D /* Preview Assets.xcassets */; };
		FC7D73D32B9C4B1B0079139D /* CircleImage.swift in Sources */ = {isa = PBXBuildFile; fileRef = FC7D73D22B9C4B1A0079139D /* CircleImage.swift */; };
		FCC66B122BB9E4E000503150 /* MapView.swift in Sources */ = {isa = PBXBuildFile; fileRef = FCC66B112BB9E4E000503150 /* MapView.swift */; };
		FCC66B142BBB4DA600503150 /* landmarkData.json in Resources */ = {isa = PBXBuildFile; fileRef = FCC66B132BBB4DA600503150 /* landmarkData.json */; };
		FCC66B162BBB503000503150 /* Landmark.swift in Sources */ = {isa = PBXBuildFile; fileRef = FCC66B152BBB503000503150 /* Landmark.swift */; };
/* End PBXBuildFile section */

/* Begin PBXFileReference section */
		FC23AEAB2BC09B0D0089A77B /* ModelData.swift */ = {isa = PBXFileReference; lastKnownFileType = sourcecode.swift; path = ModelData.swift; sourceTree = "<group>"; };
		FC23AEB02BC2714B0089A77B /* LandmarkRow.swift */ = {isa = PBXFileReference; lastKnownFileType = sourcecode.swift; path = LandmarkRow.swift; sourceTree = "<group>"; };
		FC23AEB22BC28E670089A77B /* LandmarkList.swift */ = {isa = PBXFileReference; lastKnownFileType = sourcecode.swift; path = LandmarkList.swift; sourceTree = "<group>"; };
		FC7D73BF2B9B976A0079139D /* Landmarks.app */ = {isa = PBXFileReference; explicitFileType = wrapper.application; includeInIndex = 0; path = Landmarks.app; sourceTree = BUILT_PRODUCTS_DIR; };
		FC7D73C22B9B976A0079139D /* LandmarksApp.swift */ = {isa = PBXFileReference; lastKnownFileType = sourcecode.swift; path = LandmarksApp.swift; sourceTree = "<group>"; };
		FC7D73C42B9B976A0079139D /* ContentView.swift */ = {isa = PBXFileReference; lastKnownFileType = sourcecode.swift; path = ContentView.swift; sourceTree = "<group>"; };
		FC7D73C82B9B976D0079139D /* Assets.xcassets */ = {isa = PBXFileReference; lastKnownFileType = folder.assetcatalog; path = Assets.xcassets; sourceTree = "<group>"; };
		FC7D73CB2B9B976D0079139D /* Preview Assets.xcassets */ = {isa = PBXFileReference; lastKnownFileType = folder.assetcatalog; path = "Preview Assets.xcassets"; sourceTree = "<group>"; };
		FC7D73D22B9C4B1A0079139D /* CircleImage.swift */ = {isa = PBXFileReference; lastKnownFileType = sourcecode.swift; path = CircleImage.swift; sourceTree = "<group>"; };
		FCC66B112BB9E4E000503150 /* MapView.swift */ = {isa = PBXFileReference; lastKnownFileType = sourcecode.swift; path = MapView.swift; sourceTree = "<group>"; };
		FCC66B132BBB4DA600503150 /* landmarkData.json */ = {isa = PBXFileReference; fileEncoding = 4; lastKnownFileType = text.json; path = landmarkData.json; sourceTree = "<group>"; };
		FCC66B152BBB503000503150 /* Landmark.swift */ = {isa = PBXFileReference; lastKnownFileType = sourcecode.swift; path = Landmark.swift; sourceTree = "<group>"; };
/* End PBXFileReference section */

/* Begin PBXFrameworksBuildPhase section */
		FC7D73BC2B9B976A0079139D /* Frameworks */ = {
			isa = PBXFrameworksBuildPhase;
			buildActionMask = 2147483647;
			files = (
			);
			runOnlyForDeploymentPostprocessing = 0;
		};
/* End PBXFrameworksBuildPhase section */

/* Begin PBXGroup section */
		FC23AEAD2BC1C94A0089A77B /* Views */ = {
			isa = PBXGroup;
			children = (
				FC7D73C42B9B976A0079139D /* ContentView.swift */,
				FC7D73D22B9C4B1A0079139D /* CircleImage.swift */,
				FCC66B112BB9E4E000503150 /* MapView.swift */,
				FC23AEB02BC2714B0089A77B /* LandmarkRow.swift */,
				FC23AEB22BC28E670089A77B /* LandmarkList.swift */,
			);
			path = Views;
			sourceTree = "<group>";
		};
		FC23AEAE2BC1C9650089A77B /* Models */ = {
			isa = PBXGroup;
			children = (
				FCC66B152BBB503000503150 /* Landmark.swift */,
				FC23AEAB2BC09B0D0089A77B /* ModelData.swift */,
			);
			path = Models;
			sourceTree = "<group>";
		};
		FC23AEAF2BC1C9770089A77B /* Resources */ = {
			isa = PBXGroup;
			children = (
				FCC66B132BBB4DA600503150 /* landmarkData.json */,
			);
			path = Resources;
			sourceTree = "<group>";
		};
		FC7D73B62B9B976A0079139D = {
			isa = PBXGroup;
			children = (
				FC7D73C12B9B976A0079139D /* Landmarks */,
				FC7D73C02B9B976A0079139D /* Products */,
			);
			sourceTree = "<group>";
		};
		FC7D73C02B9B976A0079139D /* Products */ = {
			isa = PBXGroup;
			children = (
				FC7D73BF2B9B976A0079139D /* Landmarks.app */,
			);
			name = Products;
			sourceTree = "<group>";
		};
		FC7D73C12B9B976A0079139D /* Landmarks */ = {
			isa = PBXGroup;
			children = (
				FC7D73C22B9B976A0079139D /* LandmarksApp.swift */,
				FC23AEAD2BC1C94A0089A77B /* Views */,
				FC23AEAE2BC1C9650089A77B /* Models */,
				FC23AEAF2BC1C9770089A77B /* Resources */,
				FC7D73C82B9B976D0079139D /* Assets.xcassets */,
				FC7D73CA2B9B976D0079139D /* Preview Content */,
			);
			path = Landmarks;
			sourceTree = "<group>";
		};
		FC7D73CA2B9B976D0079139D /* Preview Content */ = {
			isa = PBXGroup;
			children = (
				FC7D73CB2B9B976D0079139D /* Preview Assets.xcassets */,
			);
			path = "Preview Content";
			sourceTree = "<group>";
		};
/* End PBXGroup section */

/* Begin PBXNativeTarget section */
		FC7D73BE2B9B976A0079139D /* Landmarks */ = {
			isa = PBXNativeTarget;
			buildConfigurationList = FC7D73CF2B9B976D0079139D /* Build configuration list for PBXNativeTarget "Landmarks" */;
			buildPhases = (
				FC7D73BB2B9B976A0079139D /* Sources */,
				FC7D73BC2B9B976A0079139D /* Frameworks */,
				FC7D73BD2B9B976A0079139D /* Resources */,
			);
			buildRules = (
			);
			dependencies = (
			);
			name = Landmarks;
			productName = Landmarks;
			productReference = FC7D73BF2B9B976A0079139D /* Landmarks.app */;
			productType = "com.apple.product-type.application";
		};
/* End PBXNativeTarget section */

/* Begin PBXProject section */
		FC7D73B72B9B976A0079139D /* Project object */ = {
			isa = PBXProject;
			attributes = {
				BuildIndependentTargetsInParallel = 1;
				LastSwiftUpdateCheck = 1520;
				LastUpgradeCheck = 1520;
				TargetAttributes = {
					FC7D73BE2B9B976A0079139D = {
						CreatedOnToolsVersion = 15.2;
					};
				};
			};
			buildConfigurationList = FC7D73BA2B9B976A0079139D /* Build configuration list for PBXProject "Landmarks" */;
			compatibilityVersion = "Xcode 14.0";
			developmentRegion = en;
			hasScannedForEncodings = 0;
			knownRegions = (
				en,
				Base,
			);
			mainGroup = FC7D73B62B9B976A0079139D;
			productRefGroup = FC7D73C02B9B976A0079139D /* Products */;
			projectDirPath = "";
			projectRoot = "";
			targets = (
				FC7D73BE2B9B976A0079139D /* Landmarks */,
			);
		};
/* End PBXProject section */

/* Begin PBXResourcesBuildPhase section */
		FC7D73BD2B9B976A0079139D /* Resources */ = {
			isa = PBXResourcesBuildPhase;
			buildActionMask = 2147483647;
			files = (
				FC7D73CC2B9B976D0079139D /* Preview Assets.xcassets in Resources */,
				FC7D73C92B9B976D0079139D /* Assets.xcassets in Resources */,
				FCC66B142BBB4DA600503150 /* landmarkData.json in Resources */,
			);
			runOnlyForDeploymentPostprocessing = 0;
		};
/* End PBXResourcesBuildPhase section */

/* Begin PBXSourcesBuildPhase section */
		FC7D73BB2B9B976A0079139D /* Sources */ = {
			isa = PBXSourcesBuildPhase;
			buildActionMask = 2147483647;
			files = (
				FC7D73C52B9B976A0079139D /* ContentView.swift in Sources */,
				FCC66B122BB9E4E000503150 /* MapView.swift in Sources */,
				FC7D73C32B9B976A0079139D /* LandmarksApp.swift in Sources */,
				FC23AEB32BC28E670089A77B /* LandmarkList.swift in Sources */,
				FC7D73D32B9C4B1B0079139D /* CircleImage.swift in Sources */,
				FCC66B162BBB503000503150 /* Landmark.swift in Sources */,
				FC23AEB12BC2714B0089A77B /* LandmarkRow.swift in Sources */,
				FC23AEAC2BC09B0D0089A77B /* ModelData.swift in Sources */,
			);
			runOnlyForDeploymentPostprocessing = 0;
		};
/* End PBXSourcesBuildPhase section */

/* Begin XCBuildConfiguration section */
		FC7D73CD2B9B976D0079139D /* Debug */ = {
			isa = XCBuildConfiguration;
			buildSettings = {
				ALWAYS_SEARCH_USER_PATHS = NO;
				ASSETCATALOG_COMPILER_GENERATE_SWIFT_ASSET_SYMBOL_EXTENSIONS = YES;
				CLANG_ANALYZER_NONNULL = YES;
				CLANG_ANALYZER_NUMBER_OBJECT_CONVERSION = YES_AGGRESSIVE;
				CLANG_CXX_LANGUAGE_STANDARD = "gnu++20";
				CLANG_ENABLE_MODULES = YES;
				CLANG_ENABLE_OBJC_ARC = YES;
				CLANG_ENABLE_OBJC_WEAK = YES;
				CLANG_WARN_BLOCK_CAPTURE_AUTORELEASING = YES;
				CLANG_WARN_BOOL_CONVERSION = YES;
				CLANG_WARN_COMMA = YES;
				CLANG_WARN_CONSTANT_CONVERSION = YES;
				CLANG_WARN_DEPRECATED_OBJC_IMPLEMENTATIONS = YES;
				CLANG_WARN_DIRECT_OBJC_ISA_USAGE = YES_ERROR;
				CLANG_WARN_DOCUMENTATION_COMMENTS = YES;
				CLANG_WARN_EMPTY_BODY = YES;
				CLANG_WARN_ENUM_CONVERSION = YES;
				CLANG_WARN_INFINITE_RECURSION = YES;
				CLANG_WARN_INT_CONVERSION = YES;
				CLANG_WARN_NON_LITERAL_NULL_CONVERSION = YES;
				CLANG_WARN_OBJC_IMPLICIT_RETAIN_SELF = YES;
				CLANG_WARN_OBJC_LITERAL_CONVERSION = YES;
				CLANG_WARN_OBJC_ROOT_CLASS = YES_ERROR;
				CLANG_WARN_QUOTED_INCLUDE_IN_FRAMEWORK_HEADER = YES;
				CLANG_WARN_RANGE_LOOP_ANALYSIS = YES;
				CLANG_WARN_STRICT_PROTOTYPES = YES;
				CLANG_WARN_SUSPICIOUS_MOVE = YES;
				CLANG_WARN_UNGUARDED_AVAILABILITY = YES_AGGRESSIVE;
				CLANG_WARN_UNREACHABLE_CODE = YES;
				CLANG_WARN__DUPLICATE_METHOD_MATCH = YES;
				COPY_PHASE_STRIP = NO;
				DEBUG_INFORMATION_FORMAT = dwarf;
				ENABLE_STRICT_OBJC_MSGSEND = YES;
				ENABLE_TESTABILITY = YES;
				ENABLE_USER_SCRIPT_SANDBOXING = YES;
				GCC_C_LANGUAGE_STANDARD = gnu17;
				GCC_DYNAMIC_NO_PIC = NO;
				GCC_NO_COMMON_BLOCKS = YES;
				GCC_OPTIMIZATION_LEVEL = 0;
				GCC_PREPROCESSOR_DEFINITIONS = (
					"DEBUG=1",
					"$(inherited)",
				);
				GCC_WARN_64_TO_32_BIT_CONVERSION = YES;
				GCC_WARN_ABOUT_RETURN_TYPE = YES_ERROR;
				GCC_WARN_UNDECLARED_SELECTOR = YES;
				GCC_WARN_UNINITIALIZED_AUTOS = YES_AGGRESSIVE;
				GCC_WARN_UNUSED_FUNCTION = YES;
				GCC_WARN_UNUSED_VARIABLE = YES;
				IPHONEOS_DEPLOYMENT_TARGET = 17.2;
				LOCALIZATION_PREFERS_STRING_CATALOGS = YES;
				MTL_ENABLE_DEBUG_INFO = INCLUDE_SOURCE;
				MTL_FAST_MATH = YES;
				ONLY_ACTIVE_ARCH = YES;
				SDKROOT = iphoneos;
				SWIFT_ACTIVE_COMPILATION_CONDITIONS = "DEBUG $(inherited)";
				SWIFT_OPTIMIZATION_LEVEL = "-Onone";
			};
			name = Debug;
		};
		FC7D73CE2B9B976D0079139D /* Release */ = {
			isa = XCBuildConfiguration;
			buildSettings = {
				ALWAYS_SEARCH_USER_PATHS = NO;
				ASSETCATALOG_COMPILER_GENERATE_SWIFT_ASSET_SYMBOL_EXTENSIONS = YES;
				CLANG_ANALYZER_NONNULL = YES;
				CLANG_ANALYZER_NUMBER_OBJECT_CONVERSION = YES_AGGRESSIVE;
				CLANG_CXX_LANGUAGE_STANDARD = "gnu++20";
				CLANG_ENABLE_MODULES = YES;
				CLANG_ENABLE_OBJC_ARC = YES;
				CLANG_ENABLE_OBJC_WEAK = YES;
				CLANG_WARN_BLOCK_CAPTURE_AUTORELEASING = YES;
				CLANG_WARN_BOOL_CONVERSION = YES;
				CLANG_WARN_COMMA = YES;
				CLANG_WARN_CONSTANT_CONVERSION = YES;
				CLANG_WARN_DEPRECATED_OBJC_IMPLEMENTATIONS = YES;
				CLANG_WARN_DIRECT_OBJC_ISA_USAGE = YES_ERROR;
				CLANG_WARN_DOCUMENTATION_COMMENTS = YES;
				CLANG_WARN_EMPTY_BODY = YES;
				CLANG_WARN_ENUM_CONVERSION = YES;
				CLANG_WARN_INFINITE_RECURSION = YES;
				CLANG_WARN_INT_CONVERSION = YES;
				CLANG_WARN_NON_LITERAL_NULL_CONVERSION = YES;
				CLANG_WARN_OBJC_IMPLICIT_RETAIN_SELF = YES;
				CLANG_WARN_OBJC_LITERAL_CONVERSION = YES;
				CLANG_WARN_OBJC_ROOT_CLASS = YES_ERROR;
				CLANG_WARN_QUOTED_INCLUDE_IN_FRAMEWORK_HEADER = YES;
				CLANG_WARN_RANGE_LOOP_ANALYSIS = YES;
				CLANG_WARN_STRICT_PROTOTYPES = YES;
				CLANG_WARN_SUSPICIOUS_MOVE = YES;
				CLANG_WARN_UNGUARDED_AVAILABILITY = YES_AGGRESSIVE;
				CLANG_WARN_UNREACHABLE_CODE = YES;
				CLANG_WARN__DUPLICATE_METHOD_MATCH = YES;
				COPY_PHASE_STRIP = NO;
				DEBUG_INFORMATION_FORMAT = "dwarf-with-dsym";
				ENABLE_NS_ASSERTIONS = NO;
				ENABLE_STRICT_OBJC_MSGSEND = YES;
				ENABLE_USER_SCRIPT_SANDBOXING = YES;
				GCC_C_LANGUAGE_STANDARD = gnu17;
				GCC_NO_COMMON_BLOCKS = YES;
				GCC_WARN_64_TO_32_BIT_CONVERSION = YES;
				GCC_WARN_ABOUT_RETURN_TYPE = YES_ERROR;
				GCC_WARN_UNDECLARED_SELECTOR = YES;
				GCC_WARN_UNINITIALIZED_AUTOS = YES_AGGRESSIVE;
				GCC_WARN_UNUSED_FUNCTION = YES;
				GCC_WARN_UNUSED_VARIABLE = YES;
				IPHONEOS_DEPLOYMENT_TARGET = 17.2;
				LOCALIZATION_PREFERS_STRING_CATALOGS = YES;
				MTL_ENABLE_DEBUG_INFO = NO;
				MTL_FAST_MATH = YES;
				SDKROOT = iphoneos;
				SWIFT_COMPILATION_MODE = wholemodule;
				VALIDATE_PRODUCT = YES;
			};
			name = Release;
		};
		FC7D73D02B9B976D0079139D /* Debug */ = {
			isa = XCBuildConfiguration;
			buildSettings = {
				ASSETCATALOG_COMPILER_APPICON_NAME = AppIcon;
				ASSETCATALOG_COMPILER_GLOBAL_ACCENT_COLOR_NAME = AccentColor;
				CODE_SIGN_STYLE = Automatic;
				CURRENT_PROJECT_VERSION = 1;
				DEVELOPMENT_ASSET_PATHS = "\"Landmarks/Preview Content\"";
				DEVELOPMENT_TEAM = DR4Q4K6TGT;
				ENABLE_PREVIEWS = YES;
				GENERATE_INFOPLIST_FILE = YES;
				INFOPLIST_KEY_UIApplicationSceneManifest_Generation = YES;
				INFOPLIST_KEY_UIApplicationSupportsIndirectInputEvents = YES;
				INFOPLIST_KEY_UILaunchScreen_Generation = YES;
				INFOPLIST_KEY_UISupportedInterfaceOrientations_iPad = "UIInterfaceOrientationPortrait UIInterfaceOrientationPortraitUpsideDown UIInterfaceOrientationLandscapeLeft UIInterfaceOrientationLandscapeRight";
				INFOPLIST_KEY_UISupportedInterfaceOrientations_iPhone = "UIInterfaceOrientationPortrait UIInterfaceOrientationLandscapeLeft UIInterfaceOrientationLandscapeRight";
				LD_RUNPATH_SEARCH_PATHS = (
					"$(inherited)",
					"@executable_path/Frameworks",
				);
				MARKETING_VERSION = 1.0;
				PRODUCT_BUNDLE_IDENTIFIER = com.sudipto.Landmarks;
				PRODUCT_NAME = "$(TARGET_NAME)";
				SWIFT_EMIT_LOC_STRINGS = YES;
				SWIFT_VERSION = 5.0;
				TARGETED_DEVICE_FAMILY = "1,2";
			};
			name = Debug;
		};
		FC7D73D12B9B976D0079139D /* Release */ = {
			isa = XCBuildConfiguration;
			buildSettings = {
				ASSETCATALOG_COMPILER_APPICON_NAME = AppIcon;
				ASSETCATALOG_COMPILER_GLOBAL_ACCENT_COLOR_NAME = AccentColor;
				CODE_SIGN_STYLE = Automatic;
				CURRENT_PROJECT_VERSION = 1;
				DEVELOPMENT_ASSET_PATHS = "\"Landmarks/Preview Content\"";
				DEVELOPMENT_TEAM = DR4Q4K6TGT;
				ENABLE_PREVIEWS = YES;
				GENERATE_INFOPLIST_FILE = YES;
				INFOPLIST_KEY_UIApplicationSceneManifest_Generation = YES;
				INFOPLIST_KEY_UIApplicationSupportsIndirectInputEvents = YES;
				INFOPLIST_KEY_UILaunchScreen_Generation = YES;
				INFOPLIST_KEY_UISupportedInterfaceOrientations_iPad = "UIInterfaceOrientationPortrait UIInterfaceOrientationPortraitUpsideDown UIInterfaceOrientationLandscapeLeft UIInterfaceOrientationLandscapeRight";
				INFOPLIST_KEY_UISupportedInterfaceOrientations_iPhone = "UIInterfaceOrientationPortrait UIInterfaceOrientationLandscapeLeft UIInterfaceOrientationLandscapeRight";
				LD_RUNPATH_SEARCH_PATHS = (
					"$(inherited)",
					"@executable_path/Frameworks",
				);
				MARKETING_VERSION = 1.0;
				PRODUCT_BUNDLE_IDENTIFIER = com.sudipto.Landmarks;
				PRODUCT_NAME = "$(TARGET_NAME)";
				SWIFT_EMIT_LOC_STRINGS = YES;
				SWIFT_VERSION = 5.0;
				TARGETED_DEVICE_FAMILY = "1,2";
			};
			name = Release;
		};
/* End XCBuildConfiguration section */

/* Begin XCConfigurationList section */
		FC7D73BA2B9B976A0079139D /* Build configuration list for PBXProject "Landmarks" */ = {
			isa = XCConfigurationList;
			buildConfigurations = (
				FC7D73CD2B9B976D0079139D /* Debug */,
				FC7D73CE2B9B976D0079139D /* Release */,
			);
			defaultConfigurationIsVisible = 0;
			defaultConfigurationName = Release;
		};
		FC7D73CF2B9B976D0079139D /* Build configuration list for PBXNativeTarget "Landmarks" */ = {
			isa = XCConfigurationList;
			buildConfigurations = (
				FC7D73D02B9B976D0079139D /* Debug */,
				FC7D73D12B9B976D0079139D /* Release */,
			);
			defaultConfigurationIsVisible = 0;
			defaultConfigurationName = Release;
		};
/* End XCConfigurationList section */
	};
	rootObject = FC7D73B72B9B976A0079139D /* Project object */;
}
